# THIS IS AN AUTOGENERATED FILE. DO NOT EDIT THIS FILE DIRECTLY.
# yarn lockfile v1


"@types/atom@^1.36.1":
  version "1.36.1"
  resolved "https://registry.yarnpkg.com/@types/atom/-/atom-1.36.1.tgz#01bbe4cbdf07446645e20a64fc5105850f6a789f"
  integrity sha512-MQ/zyNSTd+1Q1InztnMDWRKfk0bGs1Lah5ggT7JKOqGwEwCNxTXFDuF7WcmEo2sO4d2OzaypmG1AX13N8oyMJQ==
  dependencies:
    "@types/node" "*"

"@types/node@*":
  version "12.7.8"
  resolved "https://registry.yarnpkg.com/@types/node/-/node-12.7.8.tgz#cb1bf6800238898bc2ff6ffa5702c3cadd350708"
  integrity sha512-FMdVn84tJJdV+xe+53sYiZS4R5yn1mAIxfj+DVoNiQjTYz1+OYmjwEZr1ev9nU0axXwda0QDbYl06QHanRVH3A==
